<?xml version="1.0" encoding="utf-8"?>
<Project ToolsVersion="4.0" xmlns="http://schemas.microsoft.com/developer/msbuild/2003">
  <ItemGroup>
    <Filter Include="Source Files">
      <UniqueIdentifier>{9bd1e27e-8f98-4e9d-b87a-b4f228ee54ad}</UniqueIdentifier>
      <Extensions>cpp;c;cxx;rc;def;r;odl;idl;hpj;bat</Extensions>
    </Filter>
    <Filter Include="Header Files">
      <UniqueIdentifier>{029c8b7f-1849-451c-928b-8bdb7f91a5f7}</UniqueIdentifier>
      <Extensions>h;hpp;hxx;hm;inl</Extensions>
    </Filter>
    <Filter Include="Resource Files">
      <UniqueIdentifier>{962b0ab7-84cd-4c6f-95f8-111fdf58d886}</UniqueIdentifier>
      <Extensions>ico;cur;bmp;dlg;rc2;rct;bin;rgs;gif;jpg;jpeg;jpe</Extensions>
    </Filter>
  </ItemGroup>
  <ItemGroup>
    <ClCompile Include="MagellanMfc.cxx">
      <Filter>Source Files</Filter>
    </ClCompile>
    <ClCompile Include="MagellanMfcDoc.cxx">
      <Filter>Source Files</Filter>
    </ClCompile>
    <ClCompile Include="MagellanMfcView.cxx">
      <Filter>Source Files</Filter>
    </ClCompile>
    <ClCompile Include="MainFrm.cxx">
      <Filter>Source Files</Filter>
    </ClCompile>
    <ClCompile Include="StdAfx.cxx">
      <Filter>Source Files</Filter>
    </ClCompile>
  </ItemGroup>
  <ItemGroup>
    <ResourceCompile Include="MagellanMfc.rc">
      <Filter>Source Files</Filter>
    </ResourceCompile>
  </ItemGroup>
  <ItemGroup>
    <ClInclude Include="MagellanMfc.h">
      <Filter>Header Files</Filter>
    </ClInclude>
    <ClInclude Include="MagellanMfcDoc.h">
      <Filter>Header Files</Filter>
    </ClInclude>
    <ClInclude Include="MagellanMfcView.h">
      <Filter>Header Files</Filter>
    </ClInclude>
    <ClInclude Include="MainFrm.h">
      <Filter>Header Files</Filter>
    </ClInclude>
    <ClInclude Include="Resource.h">
      <Filter>Header Files</Filter>
    </ClInclude>
    <ClInclude Include="StdAfx.h">
      <Filter>Header Files</Filter>
    </ClInclude>
  </ItemGroup>
  <ItemGroup>
    <None Include="res\MagellanMfc.ico">
      <Filter>Resource Files</Filter>
    </None>
    <None Include="res\MagellanMfc.rc2">
      <Filter>Resource Files</Filter>
    </None>
    <None Include="res\MagellanMfcDoc.ico">
      <Filter>Resource Files</Filter>
    </None>
    <None Include="res\Toolbar.bmp">
      <Filter>Resource Files</Filter>
    </None>
    <None Include="ReadMe.txt" />
  </ItemGroup>
</Project>