<?xml version="1.0" encoding="utf-8"?>
<Project ToolsVersion="4.0" xmlns="http://schemas.microsoft.com/developer/msbuild/2003">
  <ItemGroup>
    <Filter Include="Source Files">
      <UniqueIdentifier>{633616d4-6476-438e-8703-f93ab16f903a}</UniqueIdentifier>
      <Extensions>cpp;c;cxx;rc;def;r;odl;idl;hpj;bat</Extensions>
    </Filter>
    <Filter Include="Header Files">
      <UniqueIdentifier>{23bf9880-7c34-40c4-a643-4d36908d7ebd}</UniqueIdentifier>
      <Extensions>h;hpp;hxx;hm;inl</Extensions>
    </Filter>
    <Filter Include="Resource Files">
      <UniqueIdentifier>{36472931-911d-4655-8516-66616bebd380}</UniqueIdentifier>
      <Extensions>ico;cur;bmp;dlg;rc2;rct;bin;rgs;gif;jpg;jpeg;jpe</Extensions>
    </Filter>
  </ItemGroup>
  <ItemGroup>
    <ClCompile Include="MainFrm.cxx">
      <Filter>Source Files</Filter>
    </ClCompile>
    <ClCompile Include="MFCSDI.cxx">
      <Filter>Source Files</Filter>
    </ClCompile>
    <ClCompile Include="MFCSDIDoc.cxx">
      <Filter>Source Files</Filter>
    </ClCompile>
    <ClCompile Include="MFCSDIView.cxx">
      <Filter>Source Files</Filter>
    </ClCompile>
    <ClCompile Include="StdAfx.cxx">
      <Filter>Source Files</Filter>
    </ClCompile>
    <ClCompile Include="OutputWnd.cpp">
      <Filter>Source Files</Filter>
    </ClCompile>
  </ItemGroup>
  <ItemGroup>
    <ResourceCompile Include="MFCSDI.rc">
      <Filter>Source Files</Filter>
    </ResourceCompile>
  </ItemGroup>
  <ItemGroup>
    <ClInclude Include="MainFrm.h">
      <Filter>Header Files</Filter>
    </ClInclude>
    <ClInclude Include="MFCSDI.h">
      <Filter>Header Files</Filter>
    </ClInclude>
    <ClInclude Include="MFCSDIDoc.h">
      <Filter>Header Files</Filter>
    </ClInclude>
    <ClInclude Include="MFCSDIView.h">
      <Filter>Header Files</Filter>
    </ClInclude>
    <ClInclude Include="Resource.h">
      <Filter>Header Files</Filter>
    </ClInclude>
    <ClInclude Include="StdAfx.h">
      <Filter>Header Files</Filter>
    </ClInclude>
    <ClInclude Include="OutputWnd.h">
      <Filter>Header Files</Filter>
    </ClInclude>
  </ItemGroup>
  <ItemGroup>
    <None Include="res\MFCSDI.ico">
      <Filter>Resource Files</Filter>
    </None>
    <None Include="res\MFCSDI.rc2">
      <Filter>Resource Files</Filter>
    </None>
    <None Include="res\MFCSDIDoc.ico">
      <Filter>Resource Files</Filter>
    </None>
    <None Include="res\Toolbar.bmp">
      <Filter>Resource Files</Filter>
    </None>
  </ItemGroup>
</Project>