<?xml version="1.0" encoding="utf-8"?>
<Project ToolsVersion="4.0" xmlns="http://schemas.microsoft.com/developer/msbuild/2003">
  <ItemGroup>
    <Filter Include="Source Files">
      <UniqueIdentifier>{d9e17599-8b81-4ec2-9aaf-df7444eb2408}</UniqueIdentifier>
      <Extensions>cpp;c;cxx;rc;def;r;odl;hpj;bat;for;f90</Extensions>
    </Filter>
    <Filter Include="Header Files">
      <UniqueIdentifier>{293e19cf-55a3-41f7-9240-1eac8cffc256}</UniqueIdentifier>
      <Extensions>h;hpp;hxx;hm;inl;fi;fd</Extensions>
    </Filter>
    <Filter Include="Resource Files">
      <UniqueIdentifier>{19c2fa1c-2d7d-44b6-9183-8f7a0f88cc74}</UniqueIdentifier>
      <Extensions>ico;cur;bmp;dlg;rc2;rct;bin;cnt;rtf;gif;jpg;jpeg;jpe</Extensions>
    </Filter>
    <Filter Include="Doc">
      <UniqueIdentifier>{c69bd3d1-4ec0-4216-abce-646c41bb3cb2}</UniqueIdentifier>
    </Filter>
    <Filter Include="View">
      <UniqueIdentifier>{5d125e79-3f3b-4afd-8f1e-4f5fcef14ff2}</UniqueIdentifier>
    </Filter>
    <Filter Include="App">
      <UniqueIdentifier>{5beb1ab8-dc5c-4c17-a22e-0cff793e6cd5}</UniqueIdentifier>
    </Filter>
    <Filter Include="MainFrame">
      <UniqueIdentifier>{48957a93-7ce2-4d64-9ec7-dd7440163473}</UniqueIdentifier>
    </Filter>
  </ItemGroup>
  <ItemGroup>
    <ClCompile Include="DecimationStrategyDialog.cxx">
      <Filter>Source Files</Filter>
    </ClCompile>
    <ClCompile Include="InlineLoader.cxx">
      <Filter>Source Files</Filter>
    </ClCompile>
    <ClCompile Include="OctreeOrderingDialog.cxx">
      <Filter>Source Files</Filter>
    </ClCompile>
    <ClCompile Include="ValueOrderingDialog.cxx">
      <Filter>Source Files</Filter>
    </ClCompile>
    <ClCompile Include="LargeModelViewerDoc.cxx">
      <Filter>Doc</Filter>
    </ClCompile>
    <ClCompile Include="LargeModelViewerView.cxx">
      <Filter>View</Filter>
    </ClCompile>
    <ClCompile Include="LargeModelViewer.cxx">
      <Filter>App</Filter>
    </ClCompile>
    <ClCompile Include="MainFrm.cxx">
      <Filter>MainFrame</Filter>
    </ClCompile>
  </ItemGroup>
  <ItemGroup>
    <ResourceCompile Include="LargeModelViewer.rc">
      <Filter>Source Files</Filter>
    </ResourceCompile>
  </ItemGroup>
  <ItemGroup>
    <ClInclude Include="DecimationStrategyDialog.h">
      <Filter>Header Files</Filter>
    </ClInclude>
    <ClInclude Include="InlineLoader.h">
      <Filter>Header Files</Filter>
    </ClInclude>
    <ClInclude Include="OctreeOrderingDialog.h">
      <Filter>Header Files</Filter>
    </ClInclude>
    <ClInclude Include="resource.h">
      <Filter>Header Files</Filter>
    </ClInclude>
    <ClInclude Include="ValueOrderingDialog.h">
      <Filter>Header Files</Filter>
    </ClInclude>
    <ClInclude Include="LargeModelViewerDoc.h">
      <Filter>Doc</Filter>
    </ClInclude>
    <ClInclude Include="LargeModelViewerView.h">
      <Filter>View</Filter>
    </ClInclude>
    <ClInclude Include="LargeModelViewer.h">
      <Filter>App</Filter>
    </ClInclude>
    <ClInclude Include="MainFrm.h">
      <Filter>MainFrame</Filter>
    </ClInclude>
  </ItemGroup>
  <ItemGroup>
    <None Include="res\LargeModelViewer.ico">
      <Filter>Resource Files</Filter>
    </None>
    <None Include="res\LargeModelViewerDoc.ico">
      <Filter>Resource Files</Filter>
    </None>
    <None Include="res\Toolbar.bmp">
      <Filter>Resource Files</Filter>
    </None>
  </ItemGroup>
</Project>