<?xml version="1.0" encoding="utf-8"?>
<Project ToolsVersion="4.0" xmlns="http://schemas.microsoft.com/developer/msbuild/2003">
  <ItemGroup>
    <Filter Include="源文件">
      <UniqueIdentifier>{4FC737F1-C7A5-4376-A066-2A32D752A2FF}</UniqueIdentifier>
      <Extensions>cpp;c;cc;cxx;def;odl;idl;hpj;bat;asm;asmx</Extensions>
    </Filter>
    <Filter Include="头文件">
      <UniqueIdentifier>{93995380-89BD-4b04-88EB-625FBE52EBFB}</UniqueIdentifier>
      <Extensions>h;hpp;hxx;hm;inl;inc;xsd</Extensions>
    </Filter>
    <Filter Include="资源文件">
      <UniqueIdentifier>{67DA6AB6-F800-4c08-8B7A-83BB121AAD01}</UniqueIdentifier>
      <Extensions>rc;ico;cur;bmp;dlg;rc2;rct;bin;rgs;gif;jpg;jpeg;jpe;resx;tiff;tif;png;wav;mfcribbon-ms</Extensions>
    </Filter>
    <Filter Include="头文件\建立模型对话框">
      <UniqueIdentifier>{b9f67d05-8184-472e-918e-ab1cecbc229e}</UniqueIdentifier>
    </Filter>
    <Filter Include="头文件\建立模型函数类">
      <UniqueIdentifier>{934515f0-cec4-4780-a72c-b177f9e09146}</UniqueIdentifier>
    </Filter>
    <Filter Include="源文件\建立模型对话框">
      <UniqueIdentifier>{105ab31f-1f20-48b4-afb8-785373ca1baa}</UniqueIdentifier>
    </Filter>
    <Filter Include="源文件\建立模型函数类">
      <UniqueIdentifier>{5226530f-ae9a-4a44-997b-f0f0d621e527}</UniqueIdentifier>
    </Filter>
    <Filter Include="头文件\MFC自建类">
      <UniqueIdentifier>{381dbb05-527d-4cbf-926d-8ba9f52b9c9d}</UniqueIdentifier>
    </Filter>
    <Filter Include="源文件\MFC自建类">
      <UniqueIdentifier>{02ac4bb5-53e8-482f-8e0d-4668b750df55}</UniqueIdentifier>
    </Filter>
    <Filter Include="头文件\其他">
      <UniqueIdentifier>{3ce108f8-7945-4827-88cd-98635aebeb7a}</UniqueIdentifier>
    </Filter>
    <Filter Include="源文件\其他">
      <UniqueIdentifier>{a8d0abbf-08ef-426a-bb7f-2475e46b1bea}</UniqueIdentifier>
    </Filter>
  </ItemGroup>
  <ItemGroup>
    <None Include="ReadMe.txt" />
    <None Include="res\output_wnd.ico">
      <Filter>资源文件</Filter>
    </None>
    <None Include="res\output_wnd_hc.ico">
      <Filter>资源文件</Filter>
    </None>
    <None Include="res\properties_wnd.ico">
      <Filter>资源文件</Filter>
    </None>
    <None Include="res\properties_wnd_hc.ico">
      <Filter>资源文件</Filter>
    </None>
    <None Include="res\properties.bmp">
      <Filter>资源文件</Filter>
    </None>
    <None Include="res\properties_hc.bmp">
      <Filter>资源文件</Filter>
    </None>
    <None Include="UserImages.bmp">
      <Filter>资源文件</Filter>
    </None>
    <None Include="res\OpenInventor.rc2">
      <Filter>资源文件</Filter>
    </None>
    <None Include="res\OpenInventorDoc.ico">
      <Filter>资源文件</Filter>
    </None>
    <None Include="res\OpenInventor.ico">
      <Filter>资源文件</Filter>
    </None>
    <None Include="res\Toolbar.bmp">
      <Filter>资源文件</Filter>
    </None>
    <None Include="res\Toolbar256.bmp">
      <Filter>资源文件</Filter>
    </None>
    <None Include="res\toolbar1.bmp">
      <Filter>资源文件</Filter>
    </None>
    <None Include="res\bitmap1.bmp">
      <Filter>资源文件</Filter>
    </None>
    <None Include="B3.JPG">
      <Filter>资源文件</Filter>
    </None>
    <None Include="res\styles.bmp">
      <Filter>资源文件</Filter>
    </None>
    <None Include="res\UserImages.bmp">
      <Filter>资源文件</Filter>
    </None>
    <None Include="res\0340010027.jpg">
      <Filter>资源文件</Filter>
    </None>
  </ItemGroup>
  <ItemGroup>
    <ClInclude Include="MenuTest.h">
      <Filter>头文件</Filter>
    </ClInclude>
    <ClInclude Include="TestDlg.h">
      <Filter>头文件</Filter>
    </ClInclude>
    <ClInclude Include="Bar.h">
      <Filter>头文件\建立模型函数类</Filter>
    </ClInclude>
    <ClInclude Include="MainFrm.h">
      <Filter>头文件\MFC自建类</Filter>
    </ClInclude>
    <ClInclude Include="OpenInventor.h">
      <Filter>头文件\MFC自建类</Filter>
    </ClInclude>
    <ClInclude Include="OpenInventorDoc.h">
      <Filter>头文件\MFC自建类</Filter>
    </ClInclude>
    <ClInclude Include="OpenInventorView.h">
      <Filter>头文件\MFC自建类</Filter>
    </ClInclude>
    <ClInclude Include="OutputWnd.h">
      <Filter>头文件\MFC自建类</Filter>
    </ClInclude>
    <ClInclude Include="PropertiesWnd.h">
      <Filter>头文件\MFC自建类</Filter>
    </ClInclude>
    <ClInclude Include="targetver.h">
      <Filter>头文件\其他</Filter>
    </ClInclude>
    <ClInclude Include="stdafx.h">
      <Filter>头文件\其他</Filter>
    </ClInclude>
    <ClInclude Include="Resource.h">
      <Filter>头文件\其他</Filter>
    </ClInclude>
    <ClInclude Include="IStyleBarDlg.h">
      <Filter>头文件\建立模型对话框</Filter>
    </ClInclude>
    <ClInclude Include="MoveDlg.h">
      <Filter>头文件</Filter>
    </ClInclude>
    <ClInclude Include="JointBar.h">
      <Filter>头文件\建立模型函数类</Filter>
    </ClInclude>
    <ClInclude Include="StraightBar.h">
      <Filter>头文件\建立模型函数类</Filter>
    </ClInclude>
    <ClInclude Include="LStyleBar.h">
      <Filter>头文件\建立模型函数类</Filter>
    </ClInclude>
    <ClInclude Include="ZStyleBar.h">
      <Filter>头文件\建立模型函数类</Filter>
    </ClInclude>
    <ClInclude Include="JudgementDLG.h">
      <Filter>头文件</Filter>
    </ClInclude>
    <ClInclude Include="AutoWizardDLG.h">
      <Filter>头文件</Filter>
    </ClInclude>
    <ClInclude Include="AutoParameterDLG.h">
      <Filter>头文件</Filter>
    </ClInclude>
  </ItemGroup>
  <ItemGroup>
    <ClCompile Include="MenuTest.cpp">
      <Filter>源文件</Filter>
    </ClCompile>
    <ClCompile Include="TestDlg.cpp">
      <Filter>源文件</Filter>
    </ClCompile>
    <ClCompile Include="Bar.cpp">
      <Filter>源文件\建立模型函数类</Filter>
    </ClCompile>
    <ClCompile Include="MainFrm.cpp">
      <Filter>源文件\MFC自建类</Filter>
    </ClCompile>
    <ClCompile Include="OpenInventor.cpp">
      <Filter>源文件\MFC自建类</Filter>
    </ClCompile>
    <ClCompile Include="OpenInventorDoc.cpp">
      <Filter>源文件\MFC自建类</Filter>
    </ClCompile>
    <ClCompile Include="OpenInventorView.cpp">
      <Filter>源文件\MFC自建类</Filter>
    </ClCompile>
    <ClCompile Include="OutputWnd.cpp">
      <Filter>源文件\MFC自建类</Filter>
    </ClCompile>
    <ClCompile Include="PropertiesWnd.cpp">
      <Filter>源文件\MFC自建类</Filter>
    </ClCompile>
    <ClCompile Include="stdafx.cpp">
      <Filter>源文件\其他</Filter>
    </ClCompile>
    <ClCompile Include="IStyleBarDlg.cpp">
      <Filter>源文件\建立模型对话框</Filter>
    </ClCompile>
    <ClCompile Include="MoveDlg.cpp">
      <Filter>源文件</Filter>
    </ClCompile>
    <ClCompile Include="JointBar.cpp">
      <Filter>源文件\建立模型函数类</Filter>
    </ClCompile>
    <ClCompile Include="ZStyleBar.cpp">
      <Filter>源文件\建立模型函数类</Filter>
    </ClCompile>
    <ClCompile Include="LStyleBar.cpp">
      <Filter>源文件\建立模型函数类</Filter>
    </ClCompile>
    <ClCompile Include="StraightBar.cpp">
      <Filter>源文件\建立模型函数类</Filter>
    </ClCompile>
    <ClCompile Include="JudgementDLG.cpp">
      <Filter>源文件</Filter>
    </ClCompile>
    <ClCompile Include="AutoWizardDLG.cpp">
      <Filter>源文件</Filter>
    </ClCompile>
    <ClCompile Include="AutoParameterDLG.cpp">
      <Filter>源文件</Filter>
    </ClCompile>
  </ItemGroup>
  <ItemGroup>
    <ResourceCompile Include="OpenInventor.rc">
      <Filter>资源文件</Filter>
    </ResourceCompile>
  </ItemGroup>
  <ItemGroup>
    <Library Include="Debug\TestDlg.lib">
      <Filter>源文件</Filter>
    </Library>
  </ItemGroup>
</Project>